// !$*UTF8*$!
{
	archiveVersion = 1;
	classes = {
	};
	objectVersion = 46;
	objects = {

/* Begin PBXBuildFile section */
		EA2019191941E74100820F3C /* TransformViewController.m in Sources */ = {isa = PBXBuildFile; fileRef = EA2019171941E74100820F3C /* TransformViewController.m */; };
		EA20191A1941E74100820F3C /* TransformViewController.xib in Resources */ = {isa = PBXBuildFile; fileRef = EA2019181941E74100820F3C /* TransformViewController.xib */; };
		EA81D5EA1935ED8F002E879B /* Foundation.framework in Frameworks */ = {isa = PBXBuildFile; fileRef = EA81D5E91935ED8F002E879B /* Foundation.framework */; };
		EA81D5EC1935ED8F002E879B /* CoreGraphics.framework in Frameworks */ = {isa = PBXBuildFile; fileRef = EA81D5EB1935ED8F002E879B /* CoreGraphics.framework */; };
		EA81D5EE1935ED8F002E879B /* UIKit.framework in Frameworks */ = {isa = PBXBuildFile; fileRef = EA81D5ED1935ED8F002E879B /* UIKit.framework */; };
		EA81D5F41935ED8F002E879B /* InfoPlist.strings in Resources */ = {isa = PBXBuildFile; fileRef = EA81D5F21935ED8F002E879B /* InfoPlist.strings */; };
		EA81D5F61935ED8F002E879B /* main.m in Sources */ = {isa = PBXBuildFile; fileRef = EA81D5F51935ED8F002E879B /* main.m */; };
		EA81D5FC1935ED8F002E879B /* Images.xcassets in Resources */ = {isa = PBXBuildFile; fileRef = EA81D5FB1935ED8F002E879B /* Images.xcassets */; };
		EA81D6031935ED8F002E879B /* XCTest.framework in Frameworks */ = {isa = PBXBuildFile; fileRef = EA81D6021935ED8F002E879B /* XCTest.framework */; };
		EA81D6041935ED8F002E879B /* Foundation.framework in Frameworks */ = {isa = PBXBuildFile; fileRef = EA81D5E91935ED8F002E879B /* Foundation.framework */; };
		EA81D6051935ED8F002E879B /* UIKit.framework in Frameworks */ = {isa = PBXBuildFile; fileRef = EA81D5ED1935ED8F002E879B /* UIKit.framework */; };
		EA81D60D1935ED8F002E879B /* InfoPlist.strings in Resources */ = {isa = PBXBuildFile; fileRef = EA81D60B1935ED8F002E879B /* InfoPlist.strings */; };
		EA81D60F1935ED8F002E879B /* Study_iOSTests.m in Sources */ = {isa = PBXBuildFile; fileRef = EA81D60E1935ED8F002E879B /* Study_iOSTests.m */; };
		EA81D61F1935EF7F002E879B /* AppDelegate.m in Sources */ = {isa = PBXBuildFile; fileRef = EA81D61B1935EF7F002E879B /* AppDelegate.m */; };
		EA81D6251936E086002E879B /* MainViewController.m in Sources */ = {isa = PBXBuildFile; fileRef = EA81D6231936E086002E879B /* MainViewController.m */; };
		EA81D6261936E086002E879B /* MainViewController.xib in Resources */ = {isa = PBXBuildFile; fileRef = EA81D6241936E086002E879B /* MainViewController.xib */; };
		EA81D62A1936E496002E879B /* ControlViewController.m in Sources */ = {isa = PBXBuildFile; fileRef = EA81D6281936E496002E879B /* ControlViewController.m */; };
		EA81D62B1936E496002E879B /* ControlViewController.xib in Resources */ = {isa = PBXBuildFile; fileRef = EA81D6291936E496002E879B /* ControlViewController.xib */; };
		EA81D62E1936FD39002E879B /* AppRootController.m in Sources */ = {isa = PBXBuildFile; fileRef = EA81D62D1936FD39002E879B /* AppRootController.m */; };
		EA81D63619370A92002E879B /* black.png in Resources */ = {isa = PBXBuildFile; fileRef = EA81D63219370A92002E879B /* black.png */; };
		EA81D63719370A92002E879B /* black@2x.png in Resources */ = {isa = PBXBuildFile; fileRef = EA81D63319370A92002E879B /* black@2x.png */; };
		EA81D63819370A92002E879B /* red.png in Resources */ = {isa = PBXBuildFile; fileRef = EA81D63419370A92002E879B /* red.png */; };
		EA81D63919370A92002E879B /* red@2x.png in Resources */ = {isa = PBXBuildFile; fileRef = EA81D63519370A92002E879B /* red@2x.png */; };
		EA81D63C19372B11002E879B /* PRESwitch.m in Sources */ = {isa = PBXBuildFile; fileRef = EA81D63B19372B11002E879B /* PRESwitch.m */; };
		EA81D64319372C17002E879B /* switch_graybg.png in Resources */ = {isa = PBXBuildFile; fileRef = EA81D63D19372C17002E879B /* switch_graybg.png */; };
		EA81D64419372C17002E879B /* switch_graybg@2x.png in Resources */ = {isa = PBXBuildFile; fileRef = EA81D63E19372C17002E879B /* switch_graybg@2x.png */; };
		EA81D64519372C17002E879B /* switch_orangebg.png in Resources */ = {isa = PBXBuildFile; fileRef = EA81D63F19372C17002E879B /* switch_orangebg.png */; };
		EA81D64619372C17002E879B /* switch_orangebg@2x.png in Resources */ = {isa = PBXBuildFile; fileRef = EA81D64019372C17002E879B /* switch_orangebg@2x.png */; };
		EA81D64719372C17002E879B /* switch_rollbox.png in Resources */ = {isa = PBXBuildFile; fileRef = EA81D64119372C17002E879B /* switch_rollbox.png */; };
		EA81D64819372C17002E879B /* switch_rollbox@2x.png in Resources */ = {isa = PBXBuildFile; fileRef = EA81D64219372C17002E879B /* switch_rollbox@2x.png */; };
		EAC491AA193F6537003120EC /* ViewController.m in Sources */ = {isa = PBXBuildFile; fileRef = EAC491A9193F6537003120EC /* ViewController.m */; };
		EAC491AC193F6552003120EC /* ViewController.xib in Resources */ = {isa = PBXBuildFile; fileRef = EAC491AB193F6552003120EC /* ViewController.xib */; };
		EACEAF531938D6BA00A008EA /* PRESlider.m in Sources */ = {isa = PBXBuildFile; fileRef = EACEAF521938D6BA00A008EA /* PRESlider.m */; };
/* End PBXBuildFile section */

/* Begin PBXContainerItemProxy section */
		EA81D6061935ED8F002E879B /* PBXContainerItemProxy */ = {
			isa = PBXContainerItemProxy;
			containerPortal = EA81D5DE1935ED8F002E879B /* Project object */;
			proxyType = 1;
			remoteGlobalIDString = EA81D5E51935ED8F002E879B;
			remoteInfo = "Study iOS";
		};
/* End PBXContainerItemProxy section */

/* Begin PBXFileReference section */
		EA2019161941E74100820F3C /* TransformViewController.h */ = {isa = PBXFileReference; fileEncoding = 4; lastKnownFileType = sourcecode.c.h; name = TransformViewController.h; path = CATransform3D/TransformViewController.h; sourceTree = "<group>"; };
		EA2019171941E74100820F3C /* TransformViewController.m */ = {isa = PBXFileReference; fileEncoding = 4; lastKnownFileType = sourcecode.c.objc; name = TransformViewController.m; path = CATransform3D/TransformViewController.m; sourceTree = "<group>"; };
		EA2019181941E74100820F3C /* TransformViewController.xib */ = {isa = PBXFileReference; fileEncoding = 4; lastKnownFileType = file.xib; name = TransformViewController.xib; path = CATransform3D/TransformViewController.xib; sourceTree = "<group>"; };
		EA81D5E61935ED8F002E879B /* Study iOS.app */ = {isa = PBXFileReference; explicitFileType = wrapper.application; includeInIndex = 0; path = "Study iOS.app"; sourceTree = BUILT_PRODUCTS_DIR; };
		EA81D5E91935ED8F002E879B /* Foundation.framework */ = {isa = PBXFileReference; lastKnownFileType = wrapper.framework; name = Foundation.framework; path = System/Library/Frameworks/Foundation.framework; sourceTree = SDKROOT; };
		EA81D5EB1935ED8F002E879B /* CoreGraphics.framework */ = {isa = PBXFileReference; lastKnownFileType = wrapper.framework; name = CoreGraphics.framework; path = System/Library/Frameworks/CoreGraphics.framework; sourceTree = SDKROOT; };
		EA81D5ED1935ED8F002E879B /* UIKit.framework */ = {isa = PBXFileReference; lastKnownFileType = wrapper.framework; name = UIKit.framework; path = System/Library/Frameworks/UIKit.framework; sourceTree = SDKROOT; };
		EA81D5F11935ED8F002E879B /* Study iOS-Info.plist */ = {isa = PBXFileReference; lastKnownFileType = text.plist.xml; path = "Study iOS-Info.plist"; sourceTree = "<group>"; };
		EA81D5F31935ED8F002E879B /* en */ = {isa = PBXFileReference; lastKnownFileType = text.plist.strings; name = en; path = en.lproj/InfoPlist.strings; sourceTree = "<group>"; };
		EA81D5F51935ED8F002E879B /* main.m */ = {isa = PBXFileReference; lastKnownFileType = sourcecode.c.objc; path = main.m; sourceTree = "<group>"; };
		EA81D5F71935ED8F002E879B /* Study iOS-Prefix.pch */ = {isa = PBXFileReference; lastKnownFileType = sourcecode.c.h; path = "Study iOS-Prefix.pch"; sourceTree = "<group>"; };
		EA81D5FB1935ED8F002E879B /* Images.xcassets */ = {isa = PBXFileReference; lastKnownFileType = folder.assetcatalog; path = Images.xcassets; sourceTree = "<group>"; };
		EA81D6011935ED8F002E879B /* Study iOSTests.xctest */ = {isa = PBXFileReference; explicitFileType = wrapper.cfbundle; includeInIndex = 0; path = "Study iOSTests.xctest"; sourceTree = BUILT_PRODUCTS_DIR; };
		EA81D6021935ED8F002E879B /* XCTest.framework */ = {isa = PBXFileReference; lastKnownFileType = wrapper.framework; name = XCTest.framework; path = Library/Frameworks/XCTest.framework; sourceTree = DEVELOPER_DIR; };
		EA81D60A1935ED8F002E879B /* Study iOSTests-Info.plist */ = {isa = PBXFileReference; lastKnownFileType = text.plist.xml; path = "Study iOSTests-Info.plist"; sourceTree = "<group>"; };
		EA81D60C1935ED8F002E879B /* en */ = {isa = PBXFileReference; lastKnownFileType = text.plist.strings; name = en; path = en.lproj/InfoPlist.strings; sourceTree = "<group>"; };
		EA81D60E1935ED8F002E879B /* Study_iOSTests.m */ = {isa = PBXFileReference; lastKnownFileType = sourcecode.c.objc; path = Study_iOSTests.m; sourceTree = "<group>"; };
		EA81D61A1935EF7F002E879B /* AppDelegate.h */ = {isa = PBXFileReference; fileEncoding = 4; lastKnownFileType = sourcecode.c.h; path = AppDelegate.h; sourceTree = "<group>"; };
		EA81D61B1935EF7F002E879B /* AppDelegate.m */ = {isa = PBXFileReference; fileEncoding = 4; lastKnownFileType = sourcecode.c.objc; path = AppDelegate.m; sourceTree = "<group>"; };
		EA81D6221936E086002E879B /* MainViewController.h */ = {isa = PBXFileReference; fileEncoding = 4; lastKnownFileType = sourcecode.c.h; path = MainViewController.h; sourceTree = "<group>"; };
		EA81D6231936E086002E879B /* MainViewController.m */ = {isa = PBXFileReference; fileEncoding = 4; lastKnownFileType = sourcecode.c.objc; path = MainViewController.m; sourceTree = "<group>"; };
		EA81D6241936E086002E879B /* MainViewController.xib */ = {isa = PBXFileReference; fileEncoding = 4; lastKnownFileType = file.xib; path = MainViewController.xib; sourceTree = "<group>"; };
		EA81D6271936E496002E879B /* ControlViewController.h */ = {isa = PBXFileReference; fileEncoding = 4; lastKnownFileType = sourcecode.c.h; path = ControlViewController.h; sourceTree = "<group>"; };
		EA81D6281936E496002E879B /* ControlViewController.m */ = {isa = PBXFileReference; fileEncoding = 4; lastKnownFileType = sourcecode.c.objc; path = ControlViewController.m; sourceTree = "<group>"; };
		EA81D6291936E496002E879B /* ControlViewController.xib */ = {isa = PBXFileReference; fileEncoding = 4; lastKnownFileType = file.xib; path = ControlViewController.xib; sourceTree = "<group>"; };
		EA81D62C1936FD39002E879B /* AppRootController.h */ = {isa = PBXFileReference; fileEncoding = 4; lastKnownFileType = sourcecode.c.h; path = AppRootController.h; sourceTree = "<group>"; };
		EA81D62D1936FD39002E879B /* AppRootController.m */ = {isa = PBXFileReference; fileEncoding = 4; lastKnownFileType = sourcecode.c.objc; path = AppRootController.m; sourceTree = "<group>"; };
		EA81D63219370A92002E879B /* black.png */ = {isa = PBXFileReference; lastKnownFileType = image.png; path = black.png; sourceTree = "<group>"; };
		EA81D63319370A92002E879B /* black@2x.png */ = {isa = PBXFileReference; lastKnownFileType = image.png; path = "black@2x.png"; sourceTree = "<group>"; };
		EA81D63419370A92002E879B /* red.png */ = {isa = PBXFileReference; lastKnownFileType = image.png; path = red.png; sourceTree = "<group>"; };
		EA81D63519370A92002E879B /* red@2x.png */ = {isa = PBXFileReference; lastKnownFileType = image.png; path = "red@2x.png"; sourceTree = "<group>"; };
		EA81D63A19372B11002E879B /* PRESwitch.h */ = {isa = PBXFileReference; fileEncoding = 4; lastKnownFileType = sourcecode.c.h; path = PRESwitch.h; sourceTree = "<group>"; };
		EA81D63B19372B11002E879B /* PRESwitch.m */ = {isa = PBXFileReference; fileEncoding = 4; lastKnownFileType = sourcecode.c.objc; path = PRESwitch.m; sourceTree = "<group>"; };
		EA81D63D19372C17002E879B /* switch_graybg.png */ = {isa = PBXFileReference; lastKnownFileType = image.png; path = switch_graybg.png; sourceTree = "<group>"; };
		EA81D63E19372C17002E879B /* switch_graybg@2x.png */ = {isa = PBXFileReference; lastKnownFileType = image.png; path = "switch_graybg@2x.png"; sourceTree = "<group>"; };
		EA81D63F19372C17002E879B /* switch_orangebg.png */ = {isa = PBXFileReference; lastKnownFileType = image.png; path = switch_orangebg.png; sourceTree = "<group>"; };
		EA81D64019372C17002E879B /* switch_orangebg@2x.png */ = {isa = PBXFileReference; lastKnownFileType = image.png; path = "switch_orangebg@2x.png"; sourceTree = "<group>"; };
		EA81D64119372C17002E879B /* switch_rollbox.png */ = {isa = PBXFileReference; lastKnownFileType = image.png; path = switch_rollbox.png; sourceTree = "<group>"; };
		EA81D64219372C17002E879B /* switch_rollbox@2x.png */ = {isa = PBXFileReference; lastKnownFileType = image.png; path = "switch_rollbox@2x.png"; sourceTree = "<group>"; };
		EAC491A8193F6537003120EC /* ViewController.h */ = {isa = PBXFileReference; fileEncoding = 4; lastKnownFileType = sourcecode.c.h; path = ViewController.h; sourceTree = "<group>"; };
		EAC491A9193F6537003120EC /* ViewController.m */ = {isa = PBXFileReference; fileEncoding = 4; lastKnownFileType = sourcecode.c.objc; path = ViewController.m; sourceTree = "<group>"; };
		EAC491AB193F6552003120EC /* ViewController.xib */ = {isa = PBXFileReference; fileEncoding = 4; lastKnownFileType = file.xib; path = ViewController.xib; sourceTree = "<group>"; };
		EACEAF511938D6BA00A008EA /* PRESlider.h */ = {isa = PBXFileReference; fileEncoding = 4; lastKnownFileType = sourcecode.c.h; path = PRESlider.h; sourceTree = "<group>"; };
		EACEAF521938D6BA00A008EA /* PRESlider.m */ = {isa = PBXFileReference; fileEncoding = 4; lastKnownFileType = sourcecode.c.objc; path = PRESlider.m; sourceTree = "<group>"; };
/* End PBXFileReference section */

/* Begin PBXFrameworksBuildPhase section */
		EA81D5E31935ED8F002E879B /* Frameworks */ = {
			isa = PBXFrameworksBuildPhase;
			buildActionMask = 2147483647;
			files = (
				EA81D5EC1935ED8F002E879B /* CoreGraphics.framework in Frameworks */,
				EA81D5EE1935ED8F002E879B /* UIKit.framework in Frameworks */,
				EA81D5EA1935ED8F002E879B /* Foundation.framework in Frameworks */,
			);
			runOnlyForDeploymentPostprocessing = 0;
		};
		EA81D5FE1935ED8F002E879B /* Frameworks */ = {
			isa = PBXFrameworksBuildPhase;
			buildActionMask = 2147483647;
			files = (
				EA81D6031935ED8F002E879B /* XCTest.framework in Frameworks */,
				EA81D6051935ED8F002E879B /* UIKit.framework in Frameworks */,
				EA81D6041935ED8F002E879B /* Foundation.framework in Frameworks */,
			);
			runOnlyForDeploymentPostprocessing = 0;
		};
/* End PBXFrameworksBuildPhase section */

/* Begin PBXGroup section */
		EA2019151941E6E800820F3C /* CATransform3D */ = {
			isa = PBXGroup;
			children = (
				EA2019161941E74100820F3C /* TransformViewController.h */,
				EA2019171941E74100820F3C /* TransformViewController.m */,
				EA2019181941E74100820F3C /* TransformViewController.xib */,
			);
			name = CATransform3D;
			sourceTree = "<group>";
		};
		EA81D5DD1935ED8F002E879B = {
			isa = PBXGroup;
			children = (
				EA81D62F193701FB002E879B /* BaseModule */,
				EA81D6181935EF7F002E879B /* Classes */,
				EA81D61C1935EF7F002E879B /* Resource */,
				EA81D5EF1935ED8F002E879B /* Study iOS */,
				EA81D6081935ED8F002E879B /* Study iOSTests */,
				EA81D5E81935ED8F002E879B /* Frameworks */,
				EA81D5E71935ED8F002E879B /* Products */,
			);
			sourceTree = "<group>";
		};
		EA81D5E71935ED8F002E879B /* Products */ = {
			isa = PBXGroup;
			children = (
				EA81D5E61935ED8F002E879B /* Study iOS.app */,
				EA81D6011935ED8F002E879B /* Study iOSTests.xctest */,
			);
			name = Products;
			sourceTree = "<group>";
		};
		EA81D5E81935ED8F002E879B /* Frameworks */ = {
			isa = PBXGroup;
			children = (
				EA81D5E91935ED8F002E879B /* Foundation.framework */,
				EA81D5EB1935ED8F002E879B /* CoreGraphics.framework */,
				EA81D5ED1935ED8F002E879B /* UIKit.framework */,
				EA81D6021935ED8F002E879B /* XCTest.framework */,
			);
			name = Frameworks;
			sourceTree = "<group>";
		};
		EA81D5EF1935ED8F002E879B /* Study iOS */ = {
			isa = PBXGroup;
			children = (
				EA81D5FB1935ED8F002E879B /* Images.xcassets */,
				EA81D5F01935ED8F002E879B /* Supporting Files */,
			);
			path = "Study iOS";
			sourceTree = "<group>";
		};
		EA81D5F01935ED8F002E879B /* Supporting Files */ = {
			isa = PBXGroup;
			children = (
				EA81D5F11935ED8F002E879B /* Study iOS-Info.plist */,
				EA81D5F21935ED8F002E879B /* InfoPlist.strings */,
				EA81D5F51935ED8F002E879B /* main.m */,
				EA81D5F71935ED8F002E879B /* Study iOS-Prefix.pch */,
			);
			name = "Supporting Files";
			sourceTree = "<group>";
		};
		EA81D6081935ED8F002E879B /* Study iOSTests */ = {
			isa = PBXGroup;
			children = (
				EA81D60E1935ED8F002E879B /* Study_iOSTests.m */,
				EA81D6091935ED8F002E879B /* Supporting Files */,
			);
			path = "Study iOSTests";
			sourceTree = "<group>";
		};
		EA81D6091935ED8F002E879B /* Supporting Files */ = {
			isa = PBXGroup;
			children = (
				EA81D60A1935ED8F002E879B /* Study iOSTests-Info.plist */,
				EA81D60B1935ED8F002E879B /* InfoPlist.strings */,
			);
			name = "Supporting Files";
			sourceTree = "<group>";
		};
		EA81D6181935EF7F002E879B /* Classes */ = {
			isa = PBXGroup;
			children = (
				EA81D6191935EF7F002E879B /* App */,
				EA2019151941E6E800820F3C /* CATransform3D */,
				EA81D6201936E003002E879B /* UIControl */,
				EA81D6211936E003002E879B /* UIView */,
			);
			path = Classes;
			sourceTree = "<group>";
		};
		EA81D6191935EF7F002E879B /* App */ = {
			isa = PBXGroup;
			children = (
				EA81D61A1935EF7F002E879B /* AppDelegate.h */,
				EA81D61B1935EF7F002E879B /* AppDelegate.m */,
				EA81D6221936E086002E879B /* MainViewController.h */,
				EA81D6231936E086002E879B /* MainViewController.m */,
				EA81D6241936E086002E879B /* MainViewController.xib */,
				EA81D62C1936FD39002E879B /* AppRootController.h */,
				EA81D62D1936FD39002E879B /* AppRootController.m */,
			);
			path = App;
			sourceTree = "<group>";
		};
		EA81D61C1935EF7F002E879B /* Resource */ = {
			isa = PBXGroup;
			children = (
				EA81D61D1935EF7F002E879B /* Drawable */,
			);
			path = Resource;
			sourceTree = "<group>";
		};
		EA81D61D1935EF7F002E879B /* Drawable */ = {
			isa = PBXGroup;
			children = (
				EA81D63119370A92002E879B /* UIControl */,
			);
			path = Drawable;
			sourceTree = "<group>";
		};
		EA81D6201936E003002E879B /* UIControl */ = {
			isa = PBXGroup;
			children = (
				EA81D6271936E496002E879B /* ControlViewController.h */,
				EA81D6281936E496002E879B /* ControlViewController.m */,
				EA81D6291936E496002E879B /* ControlViewController.xib */,
			);
			path = UIControl;
			sourceTree = "<group>";
		};
		EA81D6211936E003002E879B /* UIView */ = {
			isa = PBXGroup;
			children = (
				EAC491A8193F6537003120EC /* ViewController.h */,
				EAC491A9193F6537003120EC /* ViewController.m */,
				EAC491AB193F6552003120EC /* ViewController.xib */,
			);
			path = UIView;
			sourceTree = "<group>";
		};
		EA81D62F193701FB002E879B /* BaseModule */ = {
			isa = PBXGroup;
			children = (
				EA81D630193701FB002E879B /* MyControl */,
			);
			path = BaseModule;
			sourceTree = "<group>";
		};
		EA81D630193701FB002E879B /* MyControl */ = {
			isa = PBXGroup;
			children = (
				EA81D63A19372B11002E879B /* PRESwitch.h */,
				EA81D63B19372B11002E879B /* PRESwitch.m */,
				EACEAF511938D6BA00A008EA /* PRESlider.h */,
				EACEAF521938D6BA00A008EA /* PRESlider.m */,
			);
			path = MyControl;
			sourceTree = "<group>";
		};
		EA81D63119370A92002E879B /* UIControl */ = {
			isa = PBXGroup;
			children = (
				EA81D63D19372C17002E879B /* switch_graybg.png */,
				EA81D63E19372C17002E879B /* switch_graybg@2x.png */,
				EA81D63F19372C17002E879B /* switch_orangebg.png */,
				EA81D64019372C17002E879B /* switch_orangebg@2x.png */,
				EA81D64119372C17002E879B /* switch_rollbox.png */,
				EA81D64219372C17002E879B /* switch_rollbox@2x.png */,
				EA81D63219370A92002E879B /* black.png */,
				EA81D63319370A92002E879B /* black@2x.png */,
				EA81D63419370A92002E879B /* red.png */,
				EA81D63519370A92002E879B /* red@2x.png */,
			);
			path = UIControl;
			sourceTree = "<group>";
		};
/* End PBXGroup section */

/* Begin PBXNativeTarget section */
		EA81D5E51935ED8F002E879B /* Study iOS */ = {
			isa = PBXNativeTarget;
			buildConfigurationList = EA81D6121935ED8F002E879B /* Build configuration list for PBXNativeTarget "Study iOS" */;
			buildPhases = (
				EA81D5E21935ED8F002E879B /* Sources */,
				EA81D5E31935ED8F002E879B /* Frameworks */,
				EA81D5E41935ED8F002E879B /* Resources */,
			);
			buildRules = (
			);
			dependencies = (
			);
			name = "Study iOS";
			productName = "Study iOS";
			productReference = EA81D5E61935ED8F002E879B /* Study iOS.app */;
			productType = "com.apple.product-type.application";
		};
		EA81D6001935ED8F002E879B /* Study iOSTests */ = {
			isa = PBXNativeTarget;
			buildConfigurationList = EA81D6151935ED8F002E879B /* Build configuration list for PBXNativeTarget "Study iOSTests" */;
			buildPhases = (
				EA81D5FD1935ED8F002E879B /* Sources */,
				EA81D5FE1935ED8F002E879B /* Frameworks */,
				EA81D5FF1935ED8F002E879B /* Resources */,
			);
			buildRules = (
			);
			dependencies = (
				EA81D6071935ED8F002E879B /* PBXTargetDependency */,
			);
			name = "Study iOSTests";
			productName = "Study iOSTests";
			productReference = EA81D6011935ED8F002E879B /* Study iOSTests.xctest */;
			productType = "com.apple.product-type.bundle.unit-test";
		};
/* End PBXNativeTarget section */

/* Begin PBXProject section */
		EA81D5DE1935ED8F002E879B /* Project object */ = {
			isa = PBXProject;
			attributes = {
				LastUpgradeCheck = 0510;
				ORGANIZATIONNAME = "___FULLUSERNAME___";
				TargetAttributes = {
					EA81D6001935ED8F002E879B = {
						TestTargetID = EA81D5E51935ED8F002E879B;
					};
				};
			};
			buildConfigurationList = EA81D5E11935ED8F002E879B /* Build configuration list for PBXProject "Study iOS" */;
			compatibilityVersion = "Xcode 3.2";
			developmentRegion = English;
			hasScannedForEncodings = 0;
			knownRegions = (
				en,
			);
			mainGroup = EA81D5DD1935ED8F002E879B;
			productRefGroup = EA81D5E71935ED8F002E879B /* Products */;
			projectDirPath = "";
			projectRoot = "";
			targets = (
				EA81D5E51935ED8F002E879B /* Study iOS */,
				EA81D6001935ED8F002E879B /* Study iOSTests */,
			);
		};
/* End PBXProject section */

/* Begin PBXResourcesBuildPhase section */
		EA81D5E41935ED8F002E879B /* Resources */ = {
			isa = PBXResourcesBuildPhase;
			buildActionMask = 2147483647;
			files = (
				EA81D64719372C17002E879B /* switch_rollbox.png in Resources */,
				EA81D63719370A92002E879B /* black@2x.png in Resources */,
				EA81D64619372C17002E879B /* switch_orangebg@2x.png in Resources */,
				EA81D63819370A92002E879B /* red.png in Resources */,
				EA81D64519372C17002E879B /* switch_orangebg.png in Resources */,
				EA81D64419372C17002E879B /* switch_graybg@2x.png in Resources */,
				EA20191A1941E74100820F3C /* TransformViewController.xib in Resources */,
				EA81D5F41935ED8F002E879B /* InfoPlist.strings in Resources */,
				EA81D64819372C17002E879B /* switch_rollbox@2x.png in Resources */,
				EA81D6261936E086002E879B /* MainViewController.xib in Resources */,
				EA81D63619370A92002E879B /* black.png in Resources */,
				EAC491AC193F6552003120EC /* ViewController.xib in Resources */,
				EA81D64319372C17002E879B /* switch_graybg.png in Resources */,
				EA81D62B1936E496002E879B /* ControlViewController.xib in Resources */,
				EA81D5FC1935ED8F002E879B /* Images.xcassets in Resources */,
				EA81D63919370A92002E879B /* red@2x.png in Resources */,
			);
			runOnlyForDeploymentPostprocessing = 0;
		};
		EA81D5FF1935ED8F002E879B /* Resources */ = {
			isa = PBXResourcesBuildPhase;
			buildActionMask = 2147483647;
			files = (
				EA81D60D1935ED8F002E879B /* InfoPlist.strings in Resources */,
			);
			runOnlyForDeploymentPostprocessing = 0;
		};
/* End PBXResourcesBuildPhase section */

/* Begin PBXSourcesBuildPhase section */
		EA81D5E21935ED8F002E879B /* Sources */ = {
			isa = PBXSourcesBuildPhase;
			buildActionMask = 2147483647;
			files = (
				EA81D61F1935EF7F002E879B /* AppDelegate.m in Sources */,
				EA81D62E1936FD39002E879B /* AppRootController.m in Sources */,
				EAC491AA193F6537003120EC /* ViewController.m in Sources */,
				EA81D63C19372B11002E879B /* PRESwitch.m in Sources */,
				EA81D6251936E086002E879B /* MainViewController.m in Sources */,
				EA81D62A1936E496002E879B /* ControlViewController.m in Sources */,
				EA81D5F61935ED8F002E879B /* main.m in Sources */,
				EACEAF531938D6BA00A008EA /* PRESlider.m in Sources */,
				EA2019191941E74100820F3C /* TransformViewController.m in Sources */,
			);
			runOnlyForDeploymentPostprocessing = 0;
		};
		EA81D5FD1935ED8F002E879B /* Sources */ = {
			isa = PBXSourcesBuildPhase;
			buildActionMask = 2147483647;
			files = (
				EA81D60F1935ED8F002E879B /* Study_iOSTests.m in Sources */,
			);
			runOnlyForDeploymentPostprocessing = 0;
		};
/* End PBXSourcesBuildPhase section */

/* Begin PBXTargetDependency section */
		EA81D6071935ED8F002E879B /* PBXTargetDependency */ = {
			isa = PBXTargetDependency;
			target = EA81D5E51935ED8F002E879B /* Study iOS */;
			targetProxy = EA81D6061935ED8F002E879B /* PBXContainerItemProxy */;
		};
/* End PBXTargetDependency section */

/* Begin PBXVariantGroup section */
		EA81D5F21935ED8F002E879B /* InfoPlist.strings */ = {
			isa = PBXVariantGroup;
			children = (
				EA81D5F31935ED8F002E879B /* en */,
			);
			name = InfoPlist.strings;
			sourceTree = "<group>";
		};
		EA81D60B1935ED8F002E879B /* InfoPlist.strings */ = {
			isa = PBXVariantGroup;
			children = (
				EA81D60C1935ED8F002E879B /* en */,
			);
			name = InfoPlist.strings;
			sourceTree = "<group>";
		};
/* End PBXVariantGroup section */

/* Begin XCBuildConfiguration section */
		EA81D6101935ED8F002E879B /* Debug */ = {
			isa = XCBuildConfiguration;
			buildSettings = {
				ALWAYS_SEARCH_USER_PATHS = NO;
				CLANG_CXX_LANGUAGE_STANDARD = "gnu++0x";
				CLANG_CXX_LIBRARY = "libc++";
				CLANG_ENABLE_MODULES = YES;
				CLANG_ENABLE_OBJC_ARC = NO;
				CLANG_WARN_BOOL_CONVERSION = YES;
				CLANG_WARN_CONSTANT_CONVERSION = YES;
				CLANG_WARN_DIRECT_OBJC_ISA_USAGE = YES_ERROR;
				CLANG_WARN_EMPTY_BODY = YES;
				CLANG_WARN_ENUM_CONVERSION = YES;
				CLANG_WARN_INT_CONVERSION = YES;
				CLANG_WARN_OBJC_ROOT_CLASS = YES_ERROR;
				CLANG_WARN__DUPLICATE_METHOD_MATCH = YES;
				"CODE_SIGN_IDENTITY[sdk=iphoneos*]" = "iPhone Developer";
				COPY_PHASE_STRIP = NO;
				GCC_C_LANGUAGE_STANDARD = gnu99;
				GCC_DYNAMIC_NO_PIC = NO;
				GCC_OPTIMIZATION_LEVEL = 0;
				GCC_PREPROCESSOR_DEFINITIONS = (
					"DEBUG=1",
					"$(inherited)",
				);
				GCC_SYMBOLS_PRIVATE_EXTERN = NO;
				GCC_WARN_64_TO_32_BIT_CONVERSION = YES;
				GCC_WARN_ABOUT_RETURN_TYPE = YES_ERROR;
				GCC_WARN_UNDECLARED_SELECTOR = YES;
				GCC_WARN_UNINITIALIZED_AUTOS = YES_AGGRESSIVE;
				GCC_WARN_UNUSED_FUNCTION = YES;
				GCC_WARN_UNUSED_VARIABLE = YES;
				IPHONEOS_DEPLOYMENT_TARGET = 7.1;
				ONLY_ACTIVE_ARCH = YES;
				SDKROOT = iphoneos;
				TARGETED_DEVICE_FAMILY = 2;
			};
			name = Debug;
		};
		EA81D6111935ED8F002E879B /* Release */ = {
			isa = XCBuildConfiguration;
			buildSettings = {
				ALWAYS_SEARCH_USER_PATHS = NO;
				CLANG_CXX_LANGUAGE_STANDARD = "gnu++0x";
				CLANG_CXX_LIBRARY = "libc++";
				CLANG_ENABLE_MODULES = YES;
				CLANG_ENABLE_OBJC_ARC = NO;
				CLANG_WARN_BOOL_CONVERSION = YES;
				CLANG_WARN_CONSTANT_CONVERSION = YES;
				CLANG_WARN_DIRECT_OBJC_ISA_USAGE = YES_ERROR;
				CLANG_WARN_EMPTY_BODY = YES;
				CLANG_WARN_ENUM_CONVERSION = YES;
				CLANG_WARN_INT_CONVERSION = YES;
				CLANG_WARN_OBJC_ROOT_CLASS = YES_ERROR;
				CLANG_WARN__DUPLICATE_METHOD_MATCH = YES;
				"CODE_SIGN_IDENTITY[sdk=iphoneos*]" = "iPhone Developer";
				COPY_PHASE_STRIP = YES;
				ENABLE_NS_ASSERTIONS = NO;
				GCC_C_LANGUAGE_STANDARD = gnu99;
				GCC_WARN_64_TO_32_BIT_CONVERSION = YES;
				GCC_WARN_ABOUT_RETURN_TYPE = YES_ERROR;
				GCC_WARN_UNDECLARED_SELECTOR = YES;
				GCC_WARN_UNINITIALIZED_AUTOS = YES_AGGRESSIVE;
				GCC_WARN_UNUSED_FUNCTION = YES;
				GCC_WARN_UNUSED_VARIABLE = YES;
				IPHONEOS_DEPLOYMENT_TARGET = 7.1;
				SDKROOT = iphoneos;
				TARGETED_DEVICE_FAMILY = 2;
				VALIDATE_PRODUCT = YES;
			};
			name = Release;
		};
		EA81D6131935ED8F002E879B /* Debug */ = {
			isa = XCBuildConfiguration;
			buildSettings = {
				ASSETCATALOG_COMPILER_APPICON_NAME = AppIcon;
				ASSETCATALOG_COMPILER_LAUNCHIMAGE_NAME = LaunchImage;
				GCC_PRECOMPILE_PREFIX_HEADER = YES;
				GCC_PREFIX_HEADER = "Study iOS/Study iOS-Prefix.pch";
				INFOPLIST_FILE = "Study iOS/Study iOS-Info.plist";
				PRODUCT_NAME = "$(TARGET_NAME)";
				WRAPPER_EXTENSION = app;
			};
			name = Debug;
		};
		EA81D6141935ED8F002E879B /* Release */ = {
			isa = XCBuildConfiguration;
			buildSettings = {
				ASSETCATALOG_COMPILER_APPICON_NAME = AppIcon;
				ASSETCATALOG_COMPILER_LAUNCHIMAGE_NAME = LaunchImage;
				GCC_PRECOMPILE_PREFIX_HEADER = YES;
				GCC_PREFIX_HEADER = "Study iOS/Study iOS-Prefix.pch";
				INFOPLIST_FILE = "Study iOS/Study iOS-Info.plist";
				PRODUCT_NAME = "$(TARGET_NAME)";
				WRAPPER_EXTENSION = app;
			};
			name = Release;
		};
		EA81D6161935ED8F002E879B /* Debug */ = {
			isa = XCBuildConfiguration;
			buildSettings = {
				BUNDLE_LOADER = "$(BUILT_PRODUCTS_DIR)/Study iOS.app/Study iOS";
				FRAMEWORK_SEARCH_PATHS = (
					"$(SDKROOT)/Developer/Library/Frameworks",
					"$(inherited)",
					"$(DEVELOPER_FRAMEWORKS_DIR)",
				);
				GCC_PRECOMPILE_PREFIX_HEADER = YES;
				GCC_PREFIX_HEADER = "Study iOS/Study iOS-Prefix.pch";
				GCC_PREPROCESSOR_DEFINITIONS = (
					"DEBUG=1",
					"$(inherited)",
				);
				INFOPLIST_FILE = "Study iOSTests/Study iOSTests-Info.plist";
				PRODUCT_NAME = "$(TARGET_NAME)";
				TEST_HOST = "$(BUNDLE_LOADER)";
				WRAPPER_EXTENSION = xctest;
			};
			name = Debug;
		};
		EA81D6171935ED8F002E879B /* Release */ = {
			isa = XCBuildConfiguration;
			buildSettings = {
				BUNDLE_LOADER = "$(BUILT_PRODUCTS_DIR)/Study iOS.app/Study iOS";
				FRAMEWORK_SEARCH_PATHS = (
					"$(SDKROOT)/Developer/Library/Frameworks",
					"$(inherited)",
					"$(DEVELOPER_FRAMEWORKS_DIR)",
				);
				GCC_PRECOMPILE_PREFIX_HEADER = YES;
				GCC_PREFIX_HEADER = "Study iOS/Study iOS-Prefix.pch";
				INFOPLIST_FILE = "Study iOSTests/Study iOSTests-Info.plist";
				PRODUCT_NAME = "$(TARGET_NAME)";
				TEST_HOST = "$(BUNDLE_LOADER)";
				WRAPPER_EXTENSION = xctest;
			};
			name = Release;
		};
/* End XCBuildConfiguration section */

/* Begin XCConfigurationList section */
		EA81D5E11935ED8F002E879B /* Build configuration list for PBXProject "Study iOS" */ = {
			isa = XCConfigurationList;
			buildConfigurations = (
				EA81D6101935ED8F002E879B /* Debug */,
				EA81D6111935ED8F002E879B /* Release */,
			);
			defaultConfigurationIsVisible = 0;
			defaultConfigurationName = Release;
		};
		EA81D6121935ED8F002E879B /* Build configuration list for PBXNativeTarget "Study iOS" */ = {
			isa = XCConfigurationList;
			buildConfigurations = (
				EA81D6131935ED8F002E879B /* Debug */,
				EA81D6141935ED8F002E879B /* Release */,
			);
			defaultConfigurationIsVisible = 0;
			defaultConfigurationName = Release;
		};
		EA81D6151935ED8F002E879B /* Build configuration list for PBXNativeTarget "Study iOSTests" */ = {
			isa = XCConfigurationList;
			buildConfigurations = (
				EA81D6161935ED8F002E879B /* Debug */,
				EA81D6171935ED8F002E879B /* Release */,
			);
			defaultConfigurationIsVisible = 0;
			defaultConfigurationName = Release;
		};
/* End XCConfigurationList section */
	};
	rootObject = EA81D5DE1935ED8F002E879B /* Project object */;
}
